
Microsoft Visual Studio Solution File, Format Version 12.00
# Visual Studio Version 17
VisualStudioVersion = 17.14.37027.9 d17.14
MinimumVisualStudioVersion = 10.0.40219.1
Project("{FAE04EC0-301F-11D3-BF4B-00C04F79EFBC}") = "VLE", "VLE\VLE.csproj", "{345848AD-2536-48E1-8D48-28B5682D30CC}"
EndProject
Global
	GlobalSection(SolutionConfigurationPlatforms) = preSolution
		Debug|Any CPU = Debug|Any CPU
		Release|Any CPU = Release|Any CPU
	EndGlobalSection
	GlobalSection(ProjectConfigurationPlatforms) = postSolution
		{345848AD-2536-48E1-8D48-28B5682D30CC}.Debug|Any CPU.ActiveCfg = Debug|Any CPU
		{345848AD-2536-48E1-8D48-28B5682D30CC}.Debug|Any CPU.Build.0 = Debug|Any CPU
		{345848AD-2536-48E1-8D48-28B5682D30CC}.Release|Any CPU.ActiveCfg = Release|Any CPU
		{345848AD-2536-48E1-8D48-28B5682D30CC}.Release|Any CPU.Build.0 = Release|Any CPU
	EndGlobalSection
	GlobalSection(SolutionProperties) = preSolution
		HideSolutionNode = FALSE
	EndGlobalSection
	GlobalSection(ExtensibilityGlobals) = postSolution
		SolutionGuid = {75AC4EFD-FA26-437F-A300-86DE72C0FF1B}
	EndGlobalSection
EndGlobal
